
Microsoft Visual Studio Solution File, Format Version 12.00
Project("{FAE04EC0-301F-11D3-BF4B-00C04F79EFBC}") = "CG2_lab1", "CG2_lab1.csproj", "{692902CC-B687-45FA-8EC9-BA3DB4C6AE31}"
EndProject
Global
	GlobalSection(SolutionConfigurationPlatforms) = preSolution
		Debug|Any CPU = Debug|Any CPU
		Release|Any CPU = Release|Any CPU
	EndGlobalSection
	GlobalSection(ProjectConfigurationPlatforms) = postSolution
		{692902CC-B687-45FA-8EC9-BA3DB4C6AE31}.Debug|Any CPU.ActiveCfg = Debug|Any CPU
		{692902CC-B687-45FA-8EC9-BA3DB4C6AE31}.Debug|Any CPU.Build.0 = Debug|Any CPU
		{692902CC-B687-45FA-8EC9-BA3DB4C6AE31}.Release|Any CPU.ActiveCfg = Release|Any CPU
		{692902CC-B687-45FA-8EC9-BA3DB4C6AE31}.Release|Any CPU.Build.0 = Release|Any CPU
	EndGlobalSection
EndGlobal
